
Microsoft Visual Studio Solution File, Format Version 12.00
# Visual Studio Version 17
VisualStudioVersion = 17.8.34309.116
MinimumVisualStudioVersion = 10.0.40219.1
Project("{FAE04EC0-301F-11D3-BF4B-00C04F79EFBC}") = "Examen", "Examen\Examen.csproj", "{804560D7-ECD0-4463-85FD-8BE26A558931}"
EndProject
Global
	GlobalSection(SolutionConfigurationPlatforms) = preSolution
		Debug|Any CPU = Debug|Any CPU
		Release|Any CPU = Release|Any CPU
	EndGlobalSection
	GlobalSection(ProjectConfigurationPlatforms) = postSolution
		{804560D7-ECD0-4463-85FD-8BE26A558931}.Debug|Any CPU.ActiveCfg = Debug|Any CPU
		{804560D7-ECD0-4463-85FD-8BE26A558931}.Debug|Any CPU.Build.0 = Debug|Any CPU
		{804560D7-ECD0-4463-85FD-8BE26A558931}.Release|Any CPU.ActiveCfg = Release|Any CPU
		{804560D7-ECD0-4463-85FD-8BE26A558931}.Release|Any CPU.Build.0 = Release|Any CPU
	EndGlobalSection
	GlobalSection(SolutionProperties) = preSolution
		HideSolutionNode = FALSE
	EndGlobalSection
	GlobalSection(ExtensibilityGlobals) = postSolution
		SolutionGuid = {85C7103F-837D-43AD-810E-0FBEAF4F7FB6}
	EndGlobalSection
EndGlobal
